// !$*UTF8*$!
{
	archiveVersion = 1;
	classes = {
	};
	objectVersion = 46;
	objects = {

/* Begin PBXBuildFile section */
		898A5C801E43935A006C2A81 /* main.m in Sources */ = {isa = PBXBuildFile; fileRef = 898A5C7F1E43935A006C2A81 /* main.m */; };
		898A5C831E43935A006C2A81 /* AppDelegate.m in Sources */ = {isa = PBXBuildFile; fileRef = 898A5C821E43935A006C2A81 /* AppDelegate.m */; };
		898A5C891E43935A006C2A81 /* Main.storyboard in Resources */ = {isa = PBXBuildFile; fileRef = 898A5C871E43935A006C2A81 /* Main.storyboard */; };
		898A5C8C1E43935A006C2A81 /* _0170202_Receipts.xcdatamodeld in Sources */ = {isa = PBXBuildFile; fileRef = 898A5C8A1E43935A006C2A81 /* _0170202_Receipts.xcdatamodeld */; };
		898A5C8E1E43935A006C2A81 /* Assets.xcassets in Resources */ = {isa = PBXBuildFile; fileRef = 898A5C8D1E43935A006C2A81 /* Assets.xcassets */; };
		898A5C911E43935A006C2A81 /* LaunchScreen.storyboard in Resources */ = {isa = PBXBuildFile; fileRef = 898A5C8F1E43935A006C2A81 /* LaunchScreen.storyboard */; };
		898A5CB21E439A6F006C2A81 /* AddReceiptViewController.m in Sources */ = {isa = PBXBuildFile; fileRef = 898A5CB11E439A6F006C2A81 /* AddReceiptViewController.m */; };
		898A5CB51E439E5E006C2A81 /* ReceiptManager.m in Sources */ = {isa = PBXBuildFile; fileRef = 898A5CB41E439E5E006C2A81 /* ReceiptManager.m */; };
		898A5CB81E43A65D006C2A81 /* AddTagViewController.m in Sources */ = {isa = PBXBuildFile; fileRef = 898A5CB71E43A65D006C2A81 /* AddTagViewController.m */; };
		898A5CC11E43C844006C2A81 /* HomeViewController.m in Sources */ = {isa = PBXBuildFile; fileRef = 898A5CC01E43C844006C2A81 /* HomeViewController.m */; };
		898A5CDC1E43E548006C2A81 /* HomeTableViewCell.m in Sources */ = {isa = PBXBuildFile; fileRef = 898A5CDB1E43E548006C2A81 /* HomeTableViewCell.m */; };
/* End PBXBuildFile section */

/* Begin PBXFileReference section */
		898A5C7B1E43935A006C2A81 /* 20170202 Receipts.app */ = {isa = PBXFileReference; explicitFileType = wrapper.application; includeInIndex = 0; path = "20170202 Receipts.app"; sourceTree = BUILT_PRODUCTS_DIR; };
		898A5C7F1E43935A006C2A81 /* main.m */ = {isa = PBXFileReference; lastKnownFileType = sourcecode.c.objc; path = main.m; sourceTree = "<group>"; };
		898A5C811E43935A006C2A81 /* AppDelegate.h */ = {isa = PBXFileReference; lastKnownFileType = sourcecode.c.h; path = AppDelegate.h; sourceTree = "<group>"; };
		898A5C821E43935A006C2A81 /* AppDelegate.m */ = {isa = PBXFileReference; lastKnownFileType = sourcecode.c.objc; path = AppDelegate.m; sourceTree = "<group>"; };
		898A5C881E43935A006C2A81 /* Base */ = {isa = PBXFileReference; lastKnownFileType = file.storyboard; name = Base; path = Base.lproj/Main.storyboard; sourceTree = "<group>"; };
		898A5C8B1E43935A006C2A81 /* _0170202_Receipts.xcdatamodel */ = {isa = PBXFileReference; lastKnownFileType = wrapper.xcdatamodel; path = _0170202_Receipts.xcdatamodel; sourceTree = "<group>"; };
		898A5C8D1E43935A006C2A81 /* Assets.xcassets */ = {isa = PBXFileReference; lastKnownFileType = folder.assetcatalog; path = Assets.xcassets; sourceTree = "<group>"; };
		898A5C901E43935A006C2A81 /* Base */ = {isa = PBXFileReference; lastKnownFileType = file.storyboard; name = Base; path = Base.lproj/LaunchScreen.storyboard; sourceTree = "<group>"; };
		898A5C921E43935A006C2A81 /* Info.plist */ = {isa = PBXFileReference; lastKnownFileType = text.plist.xml; path = Info.plist; sourceTree = "<group>"; };
		898A5CB01E439A6F006C2A81 /* AddReceiptViewController.h */ = {isa = PBXFileReference; fileEncoding = 4; lastKnownFileType = sourcecode.c.h; path = AddReceiptViewController.h; sourceTree = "<group>"; };
		898A5CB11E439A6F006C2A81 /* AddReceiptViewController.m */ = {isa = PBXFileReference; fileEncoding = 4; lastKnownFileType = sourcecode.c.objc; path = AddReceiptViewController.m; sourceTree = "<group>"; };
		898A5CB31E439E5E006C2A81 /* ReceiptManager.h */ = {isa = PBXFileReference; fileEncoding = 4; lastKnownFileType = sourcecode.c.h; path = ReceiptManager.h; sourceTree = "<group>"; };
		898A5CB41E439E5E006C2A81 /* ReceiptManager.m */ = {isa = PBXFileReference; fileEncoding = 4; lastKnownFileType = sourcecode.c.objc; path = ReceiptManager.m; sourceTree = "<group>"; };
		898A5CB61E43A65D006C2A81 /* AddTagViewController.h */ = {isa = PBXFileReference; fileEncoding = 4; lastKnownFileType = sourcecode.c.h; path = AddTagViewController.h; sourceTree = "<group>"; };
		898A5CB71E43A65D006C2A81 /* AddTagViewController.m */ = {isa = PBXFileReference; fileEncoding = 4; lastKnownFileType = sourcecode.c.objc; path = AddTagViewController.m; sourceTree = "<group>"; };
		898A5CBF1E43C844006C2A81 /* HomeViewController.h */ = {isa = PBXFileReference; fileEncoding = 4; lastKnownFileType = sourcecode.c.h; path = HomeViewController.h; sourceTree = "<group>"; };
		898A5CC01E43C844006C2A81 /* HomeViewController.m */ = {isa = PBXFileReference; fileEncoding = 4; lastKnownFileType = sourcecode.c.objc; path = HomeViewController.m; sourceTree = "<group>"; };
		898A5CCE1E43D940006C2A81 /* Tag+CoreDataClass.h */ = {isa = PBXFileReference; fileEncoding = 4; lastKnownFileType = sourcecode.c.h; path = "Tag+CoreDataClass.h"; sourceTree = "<group>"; };
		898A5CCF1E43D940006C2A81 /* Tag+CoreDataClass.m */ = {isa = PBXFileReference; fileEncoding = 4; lastKnownFileType = sourcecode.c.objc; path = "Tag+CoreDataClass.m"; sourceTree = "<group>"; };
		898A5CD01E43D940006C2A81 /* Tag+CoreDataProperties.h */ = {isa = PBXFileReference; fileEncoding = 4; lastKnownFileType = sourcecode.c.h; path = "Tag+CoreDataProperties.h"; sourceTree = "<group>"; };
		898A5CD11E43D940006C2A81 /* Tag+CoreDataProperties.m */ = {isa = PBXFileReference; fileEncoding = 4; lastKnownFileType = sourcecode.c.objc; path = "Tag+CoreDataProperties.m"; sourceTree = "<group>"; };
		898A5CD21E43D940006C2A81 /* Receipt+CoreDataClass.h */ = {isa = PBXFileReference; fileEncoding = 4; lastKnownFileType = sourcecode.c.h; path = "Receipt+CoreDataClass.h"; sourceTree = "<group>"; };
		898A5CD31E43D940006C2A81 /* Receipt+CoreDataClass.m */ = {isa = PBXFileReference; fileEncoding = 4; lastKnownFileType = sourcecode.c.objc; path = "Receipt+CoreDataClass.m"; sourceTree = "<group>"; };
		898A5CD41E43D940006C2A81 /* Receipt+CoreDataProperties.h */ = {isa = PBXFileReference; fileEncoding = 4; lastKnownFileType = sourcecode.c.h; path = "Receipt+CoreDataProperties.h"; sourceTree = "<group>"; };
		898A5CD51E43D940006C2A81 /* Receipt+CoreDataProperties.m */ = {isa = PBXFileReference; fileEncoding = 4; lastKnownFileType = sourcecode.c.objc; path = "Receipt+CoreDataProperties.m"; sourceTree = "<group>"; };
		898A5CDA1E43E548006C2A81 /* HomeTableViewCell.h */ = {isa = PBXFileReference; fileEncoding = 4; lastKnownFileType = sourcecode.c.h; path = HomeTableViewCell.h; sourceTree = "<group>"; };
		898A5CDB1E43E548006C2A81 /* HomeTableViewCell.m */ = {isa = PBXFileReference; fileEncoding = 4; lastKnownFileType = sourcecode.c.objc; path = HomeTableViewCell.m; sourceTree = "<group>"; };
/* End PBXFileReference section */

/* Begin PBXFrameworksBuildPhase section */
		898A5C781E43935A006C2A81 /* Frameworks */ = {
			isa = PBXFrameworksBuildPhase;
			buildActionMask = 2147483647;
			files = (
			);
			runOnlyForDeploymentPostprocessing = 0;
		};
/* End PBXFrameworksBuildPhase section */

/* Begin PBXGroup section */
		898A5C721E43935A006C2A81 = {
			isa = PBXGroup;
			children = (
				898A5CCE1E43D940006C2A81 /* Tag+CoreDataClass.h */,
				898A5CCF1E43D940006C2A81 /* Tag+CoreDataClass.m */,
				898A5CD01E43D940006C2A81 /* Tag+CoreDataProperties.h */,
				898A5CD11E43D940006C2A81 /* Tag+CoreDataProperties.m */,
				898A5CD21E43D940006C2A81 /* Receipt+CoreDataClass.h */,
				898A5CD31E43D940006C2A81 /* Receipt+CoreDataClass.m */,
				898A5CD41E43D940006C2A81 /* Receipt+CoreDataProperties.h */,
				898A5CD51E43D940006C2A81 /* Receipt+CoreDataProperties.m */,
				898A5C7D1E43935A006C2A81 /* 20170202 Receipts */,
				898A5C7C1E43935A006C2A81 /* Products */,
			);
			sourceTree = "<group>";
		};
		898A5C7C1E43935A006C2A81 /* Products */ = {
			isa = PBXGroup;
			children = (
				898A5C7B1E43935A006C2A81 /* 20170202 Receipts.app */,
			);
			name = Products;
			sourceTree = "<group>";
		};
		898A5C7D1E43935A006C2A81 /* 20170202 Receipts */ = {
			isa = PBXGroup;
			children = (
				898A5C811E43935A006C2A81 /* AppDelegate.h */,
				898A5C821E43935A006C2A81 /* AppDelegate.m */,
				898A5CBF1E43C844006C2A81 /* HomeViewController.h */,
				898A5CC01E43C844006C2A81 /* HomeViewController.m */,
				898A5CDA1E43E548006C2A81 /* HomeTableViewCell.h */,
				898A5CDB1E43E548006C2A81 /* HomeTableViewCell.m */,
				898A5CB01E439A6F006C2A81 /* AddReceiptViewController.h */,
				898A5CB11E439A6F006C2A81 /* AddReceiptViewController.m */,
				898A5CB61E43A65D006C2A81 /* AddTagViewController.h */,
				898A5CB71E43A65D006C2A81 /* AddTagViewController.m */,
				898A5CB31E439E5E006C2A81 /* ReceiptManager.h */,
				898A5CB41E439E5E006C2A81 /* ReceiptManager.m */,
				898A5C871E43935A006C2A81 /* Main.storyboard */,
				898A5C8D1E43935A006C2A81 /* Assets.xcassets */,
				898A5C8F1E43935A006C2A81 /* LaunchScreen.storyboard */,
				898A5C921E43935A006C2A81 /* Info.plist */,
				898A5C8A1E43935A006C2A81 /* _0170202_Receipts.xcdatamodeld */,
				898A5C7E1E43935A006C2A81 /* Supporting Files */,
			);
			path = "20170202 Receipts";
			sourceTree = "<group>";
		};
		898A5C7E1E43935A006C2A81 /* Supporting Files */ = {
			isa = PBXGroup;
			children = (
				898A5C7F1E43935A006C2A81 /* main.m */,
			);
			name = "Supporting Files";
			sourceTree = "<group>";
		};
/* End PBXGroup section */

/* Begin PBXNativeTarget section */
		898A5C7A1E43935A006C2A81 /* 20170202 Receipts */ = {
			isa = PBXNativeTarget;
			buildConfigurationList = 898A5C951E43935A006C2A81 /* Build configuration list for PBXNativeTarget "20170202 Receipts" */;
			buildPhases = (
				898A5C771E43935A006C2A81 /* Sources */,
				898A5C781E43935A006C2A81 /* Frameworks */,
				898A5C791E43935A006C2A81 /* Resources */,
			);
			buildRules = (
			);
			dependencies = (
			);
			name = "20170202 Receipts";
			productName = "20170202 Receipts";
			productReference = 898A5C7B1E43935A006C2A81 /* 20170202 Receipts.app */;
			productType = "com.apple.product-type.application";
		};
/* End PBXNativeTarget section */

/* Begin PBXProject section */
		898A5C731E43935A006C2A81 /* Project object */ = {
			isa = PBXProject;
			attributes = {
				LastUpgradeCheck = 0820;
				ORGANIZATIONNAME = "Minhung Ling";
				TargetAttributes = {
					898A5C7A1E43935A006C2A81 = {
						CreatedOnToolsVersion = 8.2.1;
						ProvisioningStyle = Automatic;
					};
				};
			};
			buildConfigurationList = 898A5C761E43935A006C2A81 /* Build configuration list for PBXProject "20170202 Receipts" */;
			compatibilityVersion = "Xcode 3.2";
			developmentRegion = English;
			hasScannedForEncodings = 0;
			knownRegions = (
				en,
				Base,
			);
			mainGroup = 898A5C721E43935A006C2A81;
			productRefGroup = 898A5C7C1E43935A006C2A81 /* Products */;
			projectDirPath = "";
			projectRoot = "";
			targets = (
				898A5C7A1E43935A006C2A81 /* 20170202 Receipts */,
			);
		};
/* End PBXProject section */

/* Begin PBXResourcesBuildPhase section */
		898A5C791E43935A006C2A81 /* Resources */ = {
			isa = PBXResourcesBuildPhase;
			buildActionMask = 2147483647;
			files = (
				898A5C911E43935A006C2A81 /* LaunchScreen.storyboard in Resources */,
				898A5C8E1E43935A006C2A81 /* Assets.xcassets in Resources */,
				898A5C891E43935A006C2A81 /* Main.storyboard in Resources */,
			);
			runOnlyForDeploymentPostprocessing = 0;
		};
/* End PBXResourcesBuildPhase section */

/* Begin PBXSourcesBuildPhase section */
		898A5C771E43935A006C2A81 /* Sources */ = {
			isa = PBXSourcesBuildPhase;
			buildActionMask = 2147483647;
			files = (
				898A5CB21E439A6F006C2A81 /* AddReceiptViewController.m in Sources */,
				898A5CB51E439E5E006C2A81 /* ReceiptManager.m in Sources */,
				898A5CDC1E43E548006C2A81 /* HomeTableViewCell.m in Sources */,
				898A5C831E43935A006C2A81 /* AppDelegate.m in Sources */,
				898A5CB81E43A65D006C2A81 /* AddTagViewController.m in Sources */,
				898A5C801E43935A006C2A81 /* main.m in Sources */,
				898A5CC11E43C844006C2A81 /* HomeViewController.m in Sources */,
				898A5C8C1E43935A006C2A81 /* _0170202_Receipts.xcdatamodeld in Sources */,
			);
			runOnlyForDeploymentPostprocessing = 0;
		};
/* End PBXSourcesBuildPhase section */

/* Begin PBXVariantGroup section */
		898A5C871E43935A006C2A81 /* Main.storyboard */ = {
			isa = PBXVariantGroup;
			children = (
				898A5C881E43935A006C2A81 /* Base */,
			);
			name = Main.storyboard;
			sourceTree = "<group>";
		};
		898A5C8F1E43935A006C2A81 /* LaunchScreen.storyboard */ = {
			isa = PBXVariantGroup;
			children = (
				898A5C901E43935A006C2A81 /* Base */,
			);
			name = LaunchScreen.storyboard;
			sourceTree = "<group>";
		};
/* End PBXVariantGroup section */

/* Begin XCBuildConfiguration section */
		898A5C931E43935A006C2A81 /* Debug */ = {
			isa = XCBuildConfiguration;
			buildSettings = {
				ALWAYS_SEARCH_USER_PATHS = NO;
				CLANG_ANALYZER_NONNULL = YES;
				CLANG_CXX_LANGUAGE_STANDARD = "gnu++0x";
				CLANG_CXX_LIBRARY = "libc++";
				CLANG_ENABLE_MODULES = YES;
				CLANG_ENABLE_OBJC_ARC = YES;
				CLANG_WARN_BOOL_CONVERSION = YES;
				CLANG_WARN_CONSTANT_CONVERSION = YES;
				CLANG_WARN_DIRECT_OBJC_ISA_USAGE = YES_ERROR;
				CLANG_WARN_DOCUMENTATION_COMMENTS = YES;
				CLANG_WARN_EMPTY_BODY = YES;
				CLANG_WARN_ENUM_CONVERSION = YES;
				CLANG_WARN_INFINITE_RECURSION = YES;
				CLANG_WARN_INT_CONVERSION = YES;
				CLANG_WARN_OBJC_ROOT_CLASS = YES_ERROR;
				CLANG_WARN_SUSPICIOUS_MOVE = YES;
				CLANG_WARN_UNREACHABLE_CODE = YES;
				CLANG_WARN__DUPLICATE_METHOD_MATCH = YES;
				"CODE_SIGN_IDENTITY[sdk=iphoneos*]" = "iPhone Developer";
				COPY_PHASE_STRIP = NO;
				DEBUG_INFORMATION_FORMAT = dwarf;
				ENABLE_STRICT_OBJC_MSGSEND = YES;
				ENABLE_TESTABILITY = YES;
				GCC_C_LANGUAGE_STANDARD = gnu99;
				GCC_DYNAMIC_NO_PIC = NO;
				GCC_NO_COMMON_BLOCKS = YES;
				GCC_OPTIMIZATION_LEVEL = 0;
				GCC_PREPROCESSOR_DEFINITIONS = (
					"DEBUG=1",
					"$(inherited)",
				);
				GCC_WARN_64_TO_32_BIT_CONVERSION = YES;
				GCC_WARN_ABOUT_RETURN_TYPE = YES_ERROR;
				GCC_WARN_UNDECLARED_SELECTOR = YES;
				GCC_WARN_UNINITIALIZED_AUTOS = YES_AGGRESSIVE;
				GCC_WARN_UNUSED_FUNCTION = YES;
				GCC_WARN_UNUSED_VARIABLE = YES;
				IPHONEOS_DEPLOYMENT_TARGET = 10.2;
				MTL_ENABLE_DEBUG_INFO = YES;
				ONLY_ACTIVE_ARCH = YES;
				SDKROOT = iphoneos;
				TARGETED_DEVICE_FAMILY = "1,2";
			};
			name = Debug;
		};
		898A5C941E43935A006C2A81 /* Release */ = {
			isa = XCBuildConfiguration;
			buildSettings = {
				ALWAYS_SEARCH_USER_PATHS = NO;
				CLANG_ANALYZER_NONNULL = YES;
				CLANG_CXX_LANGUAGE_STANDARD = "gnu++0x";
				CLANG_CXX_LIBRARY = "libc++";
				CLANG_ENABLE_MODULES = YES;
				CLANG_ENABLE_OBJC_ARC = YES;
				CLANG_WARN_BOOL_CONVERSION = YES;
				CLANG_WARN_CONSTANT_CONVERSION = YES;
				CLANG_WARN_DIRECT_OBJC_ISA_USAGE = YES_ERROR;
				CLANG_WARN_DOCUMENTATION_COMMENTS = YES;
				CLANG_WARN_EMPTY_BODY = YES;
				CLANG_WARN_ENUM_CONVERSION = YES;
				CLANG_WARN_INFINITE_RECURSION = YES;
				CLANG_WARN_INT_CONVERSION = YES;
				CLANG_WARN_OBJC_ROOT_CLASS = YES_ERROR;
				CLANG_WARN_SUSPICIOUS_MOVE = YES;
				CLANG_WARN_UNREACHABLE_CODE = YES;
				CLANG_WARN__DUPLICATE_METHOD_MATCH = YES;
				"CODE_SIGN_IDENTITY[sdk=iphoneos*]" = "iPhone Developer";
				COPY_PHASE_STRIP = NO;
				DEBUG_INFORMATION_FORMAT = "dwarf-with-dsym";
				ENABLE_NS_ASSERTIONS = NO;
				ENABLE_STRICT_OBJC_MSGSEND = YES;
				GCC_C_LANGUAGE_STANDARD = gnu99;
				GCC_NO_COMMON_BLOCKS = YES;
				GCC_WARN_64_TO_32_BIT_CONVERSION = YES;
				GCC_WARN_ABOUT_RETURN_TYPE = YES_ERROR;
				GCC_WARN_UNDECLARED_SELECTOR = YES;
				GCC_WARN_UNINITIALIZED_AUTOS = YES_AGGRESSIVE;
				GCC_WARN_UNUSED_FUNCTION = YES;
				GCC_WARN_UNUSED_VARIABLE = YES;
				IPHONEOS_DEPLOYMENT_TARGET = 10.2;
				MTL_ENABLE_DEBUG_INFO = NO;
				SDKROOT = iphoneos;
				TARGETED_DEVICE_FAMILY = "1,2";
				VALIDATE_PRODUCT = YES;
			};
			name = Release;
		};
		898A5C961E43935A006C2A81 /* Debug */ = {
			isa = XCBuildConfiguration;
			buildSettings = {
				ASSETCATALOG_COMPILER_APPICON_NAME = AppIcon;
				INFOPLIST_FILE = "20170202 Receipts/Info.plist";
				LD_RUNPATH_SEARCH_PATHS = "$(inherited) @executable_path/Frameworks";
				PRODUCT_BUNDLE_IDENTIFIER = "mling.-0170202-Receipts";
				PRODUCT_NAME = "$(TARGET_NAME)";
			};
			name = Debug;
		};
		898A5C971E43935A006C2A81 /* Release */ = {
			isa = XCBuildConfiguration;
			buildSettings = {
				ASSETCATALOG_COMPILER_APPICON_NAME = AppIcon;
				INFOPLIST_FILE = "20170202 Receipts/Info.plist";
				LD_RUNPATH_SEARCH_PATHS = "$(inherited) @executable_path/Frameworks";
				PRODUCT_BUNDLE_IDENTIFIER = "mling.-0170202-Receipts";
				PRODUCT_NAME = "$(TARGET_NAME)";
			};
			name = Release;
		};
/* End XCBuildConfiguration section */

/* Begin XCConfigurationList section */
		898A5C761E43935A006C2A81 /* Build configuration list for PBXProject "20170202 Receipts" */ = {
			isa = XCConfigurationList;
			buildConfigurations = (
				898A5C931E43935A006C2A81 /* Debug */,
				898A5C941E43935A006C2A81 /* Release */,
			);
			defaultConfigurationIsVisible = 0;
			defaultConfigurationName = Release;
		};
		898A5C951E43935A006C2A81 /* Build configuration list for PBXNativeTarget "20170202 Receipts" */ = {
			isa = XCConfigurationList;
			buildConfigurations = (
				898A5C961E43935A006C2A81 /* Debug */,
				898A5C971E43935A006C2A81 /* Release */,
			);
			defaultConfigurationIsVisible = 0;
			defaultConfigurationName = Release;
		};
/* End XCConfigurationList section */

/* Begin XCVersionGroup section */
		898A5C8A1E43935A006C2A81 /* _0170202_Receipts.xcdatamodeld */ = {
			isa = XCVersionGroup;
			children = (
				898A5C8B1E43935A006C2A81 /* _0170202_Receipts.xcdatamodel */,
			);
			currentVersion = 898A5C8B1E43935A006C2A81 /* _0170202_Receipts.xcdatamodel */;
			path = _0170202_Receipts.xcdatamodeld;
			sourceTree = "<group>";
			versionGroupType = wrapper.xcdatamodel;
		};
/* End XCVersionGroup section */
	};
	rootObject = 898A5C731E43935A006C2A81 /* Project object */;
}
